
Microsoft Visual Studio Solution File, Format Version 12.00
# Visual Studio Version 17
VisualStudioVersion = 17.11.35327.3
MinimumVisualStudioVersion = 10.0.40219.1
Project("{FAE04EC0-301F-11D3-BF4B-00C04F79EFBC}") = "ExamWPFcoffee", "ExamWPFcoffee.csproj", "{EBB7B475-F466-4E5D-BB83-934568AC80C3}"
EndProject
Global
	GlobalSection(SolutionConfigurationPlatforms) = preSolution
		Debug|Any CPU = Debug|Any CPU
		Release|Any CPU = Release|Any CPU
	EndGlobalSection
	GlobalSection(ProjectConfigurationPlatforms) = postSolution
		{EBB7B475-F466-4E5D-BB83-934568AC80C3}.Debug|Any CPU.ActiveCfg = Debug|Any CPU
		{EBB7B475-F466-4E5D-BB83-934568AC80C3}.Debug|Any CPU.Build.0 = Debug|Any CPU
		{EBB7B475-F466-4E5D-BB83-934568AC80C3}.Release|Any CPU.ActiveCfg = Release|Any CPU
		{EBB7B475-F466-4E5D-BB83-934568AC80C3}.Release|Any CPU.Build.0 = Release|Any CPU
	EndGlobalSection
	GlobalSection(SolutionProperties) = preSolution
		HideSolutionNode = FALSE
	EndGlobalSection
	GlobalSection(ExtensibilityGlobals) = postSolution
		SolutionGuid = {FC245B79-A07D-4730-9CDD-6437F6C1FCD0}
	EndGlobalSection
EndGlobal
